
Microsoft Visual Studio Solution File, Format Version 12.00
# Visual Studio Version 16
VisualStudioVersion = 16.0.30128.74
MinimumVisualStudioVersion = 10.0.40219.1
Project("{FAE04EC0-301F-11D3-BF4B-00C04F79EFBC}") = "MoneySaving", "MoneySaving\MoneySaving.csproj", "{72B3975A-9473-4853-85CF-A97CF400AA0E}"
EndProject
Global
	GlobalSection(SolutionConfigurationPlatforms) = preSolution
		Debug|Any CPU = Debug|Any CPU
		Release|Any CPU = Release|Any CPU
	EndGlobalSection
	GlobalSection(ProjectConfigurationPlatforms) = postSolution
		{72B3975A-9473-4853-85CF-A97CF400AA0E}.Debug|Any CPU.ActiveCfg = Debug|Any CPU
		{72B3975A-9473-4853-85CF-A97CF400AA0E}.Debug|Any CPU.Build.0 = Debug|Any CPU
		{72B3975A-9473-4853-85CF-A97CF400AA0E}.Release|Any CPU.ActiveCfg = Release|Any CPU
		{72B3975A-9473-4853-85CF-A97CF400AA0E}.Release|Any CPU.Build.0 = Release|Any CPU
	EndGlobalSection
	GlobalSection(SolutionProperties) = preSolution
		HideSolutionNode = FALSE
	EndGlobalSection
	GlobalSection(ExtensibilityGlobals) = postSolution
		SolutionGuid = {5A99BE71-7EA6-40D9-A009-AC8DFED9F339}
	EndGlobalSection
EndGlobal
